
Microsoft Visual Studio Solution File, Format Version 12.00
# Visual Studio 15
VisualStudioVersion = 15.0.28307.779
MinimumVisualStudioVersion = 10.0.40219.1
Project("{FAE04EC0-301F-11D3-BF4B-00C04F79EFBC}") = "LambdaForums", "LambdaForums\LambdaForums.csproj", "{5420ED7C-D2BF-4C6B-A8CD-BF5085352D70}"
EndProject
Project("{FAE04EC0-301F-11D3-BF4B-00C04F79EFBC}") = "LambdaForums.Data", "LambdaForums.Data\LambdaForums.Data.csproj", "{AF64A80D-099A-481E-82AF-55174DABD3F3}"
EndProject
Global
	GlobalSection(SolutionConfigurationPlatforms) = preSolution
		Debug|Any CPU = Debug|Any CPU
		Release|Any CPU = Release|Any CPU
	EndGlobalSection
	GlobalSection(ProjectConfigurationPlatforms) = postSolution
		{5420ED7C-D2BF-4C6B-A8CD-BF5085352D70}.Debug|Any CPU.ActiveCfg = Debug|Any CPU
		{5420ED7C-D2BF-4C6B-A8CD-BF5085352D70}.Debug|Any CPU.Build.0 = Debug|Any CPU
		{5420ED7C-D2BF-4C6B-A8CD-BF5085352D70}.Release|Any CPU.ActiveCfg = Release|Any CPU
		{5420ED7C-D2BF-4C6B-A8CD-BF5085352D70}.Release|Any CPU.Build.0 = Release|Any CPU
		{AF64A80D-099A-481E-82AF-55174DABD3F3}.Debug|Any CPU.ActiveCfg = Debug|Any CPU
		{AF64A80D-099A-481E-82AF-55174DABD3F3}.Debug|Any CPU.Build.0 = Debug|Any CPU
		{AF64A80D-099A-481E-82AF-55174DABD3F3}.Release|Any CPU.ActiveCfg = Release|Any CPU
		{AF64A80D-099A-481E-82AF-55174DABD3F3}.Release|Any CPU.Build.0 = Release|Any CPU
	EndGlobalSection
	GlobalSection(SolutionProperties) = preSolution
		HideSolutionNode = FALSE
	EndGlobalSection
	GlobalSection(ExtensibilityGlobals) = postSolution
		SolutionGuid = {C8A6C623-4201-406B-89B1-5F0647867A15}
	EndGlobalSection
EndGlobal
